{
  "originHash" : "e06f3bd29aa85eff283dad8e3ae0c1920825617e151baceb29e53b43d94d994e",
  "pins" : [
    {
      "identity" : "statusbarkit",
      "kind" : "remoteSourceControl",
      "location" : "https://github.com/hytfjwr/StatusBarKit",
      "state" : {
        "revision" : "390a401fa8e52c8b9c575993eb41cd49bd54b55b",
        "version" : "1.10.0"
      }
    }
  ],
  "version" : 3
}
