{
  "originHash" : "61f3ca2e7f13f70a84d4ada2237bf09301ffba6f4d6a3c9bc7822df59f5413f9",
  "pins" : [
    {
      "identity" : "statusbarkit",
      "kind" : "remoteSourceControl",
      "location" : "https://github.com/hytfjwr/StatusBarKit",
      "state" : {
        "revision" : "6e03b721215d2c6cf86b1ca6d101c9cb13e63666",
        "version" : "1.6.0"
      }
    }
  ],
  "version" : 3
}
